
Microsoft Visual Studio Solution File, Format Version 12.00
# Visual Studio 15
VisualStudioVersion = 15.0.28307.271
MinimumVisualStudioVersion = 10.0.40219.1
Project("{2150E333-8FDC-42A3-9474-1A3956D46DE8}") = "src", "src", "{7815C3C2-4433-4855-8895-EC216DA710D1}"
EndProject
Project("{9A19103F-16F7-4668-BE54-9A1E7A4F7556}") = "NettyRpc.Core", "src\NettyRpc.Core\NettyRpc.Core.csproj", "{5FEBD6F9-3A9F-4DEC-9159-30BD3FFFD0CE}"
EndProject
Project("{2150E333-8FDC-42A3-9474-1A3956D46DE8}") = "samples", "samples", "{956A40EB-4A8F-4D7E-AF4E-AAF065F6EA47}"
EndProject
Project("{9A19103F-16F7-4668-BE54-9A1E7A4F7556}") = "Demo.Client", "samples\Demo.Client\Demo.Client.csproj", "{7B77B4EB-E287-43A8-B869-3BBFD1C5EFD0}"
EndProject
Project("{9A19103F-16F7-4668-BE54-9A1E7A4F7556}") = "Demo.Server", "samples\Demo.Server\Demo.Server.csproj", "{B43EE799-1DB6-4926-AB2D-8396DA05D9A8}"
EndProject
Project("{2150E333-8FDC-42A3-9474-1A3956D46DE8}") = "Service", "Service", "{8B3CB404-B0ED-4E8A-A335-E99106C7EC17}"
EndProject
Project("{2150E333-8FDC-42A3-9474-1A3956D46DE8}") = "ServiceImpl", "ServiceImpl", "{3D43551D-11B9-4010-BAEF-5F2D42597208}"
EndProject
Project("{9A19103F-16F7-4668-BE54-9A1E7A4F7556}") = "Demo.UserServiceImpl", "samples\ServiceImpl\Demo.UserServiceImpl\Demo.UserServiceImpl.csproj", "{C7F33F51-8D83-4323-9B98-2A16B139CFBA}"
EndProject
Project("{9A19103F-16F7-4668-BE54-9A1E7A4F7556}") = "Demo.OrderService", "samples\Service\Demo.OrderService\Demo.OrderService.csproj", "{9273E3E7-F1D6-40BA-816E-7404F4EBAC10}"
EndProject
Project("{9A19103F-16F7-4668-BE54-9A1E7A4F7556}") = "Demo.UserService", "samples\Service\Demo.UserService\Demo.UserService.csproj", "{259752B0-FED6-4A4B-9DEB-0FE7DB7A5C37}"
EndProject
Project("{9A19103F-16F7-4668-BE54-9A1E7A4F7556}") = "Demo.OrderServiceImpl", "samples\ServiceImpl\Demo.OrderServiceImpl\Demo.OrderServiceImpl.csproj", "{1F9A3144-C5C5-44EC-A94F-467015A71502}"
EndProject
Project("{FAE04EC0-301F-11D3-BF4B-00C04F79EFBC}") = "Demo.ProductService", "samples\Service\Demo.ProductService\Demo.ProductService.csproj", "{7E49707A-ED47-461A-8ECB-B2B6C6F3978E}"
EndProject
Project("{FAE04EC0-301F-11D3-BF4B-00C04F79EFBC}") = "Demo.ProductServiceImpl", "samples\ServiceImpl\Demo.ProductServiceImpl\Demo.ProductServiceImpl.csproj", "{C58D1526-F833-45A5-93E9-B80A9B5B2837}"
EndProject
Global
	GlobalSection(SolutionConfigurationPlatforms) = preSolution
		Debug|Any CPU = Debug|Any CPU
		Release|Any CPU = Release|Any CPU
	EndGlobalSection
	GlobalSection(ProjectConfigurationPlatforms) = postSolution
		{5FEBD6F9-3A9F-4DEC-9159-30BD3FFFD0CE}.Debug|Any CPU.ActiveCfg = Debug|Any CPU
		{5FEBD6F9-3A9F-4DEC-9159-30BD3FFFD0CE}.Debug|Any CPU.Build.0 = Debug|Any CPU
		{5FEBD6F9-3A9F-4DEC-9159-30BD3FFFD0CE}.Release|Any CPU.ActiveCfg = Release|Any CPU
		{5FEBD6F9-3A9F-4DEC-9159-30BD3FFFD0CE}.Release|Any CPU.Build.0 = Release|Any CPU
		{7B77B4EB-E287-43A8-B869-3BBFD1C5EFD0}.Debug|Any CPU.ActiveCfg = Debug|Any CPU
		{7B77B4EB-E287-43A8-B869-3BBFD1C5EFD0}.Debug|Any CPU.Build.0 = Debug|Any CPU
		{7B77B4EB-E287-43A8-B869-3BBFD1C5EFD0}.Release|Any CPU.ActiveCfg = Release|Any CPU
		{7B77B4EB-E287-43A8-B869-3BBFD1C5EFD0}.Release|Any CPU.Build.0 = Release|Any CPU
		{B43EE799-1DB6-4926-AB2D-8396DA05D9A8}.Debug|Any CPU.ActiveCfg = Debug|Any CPU
		{B43EE799-1DB6-4926-AB2D-8396DA05D9A8}.Debug|Any CPU.Build.0 = Debug|Any CPU
		{B43EE799-1DB6-4926-AB2D-8396DA05D9A8}.Release|Any CPU.ActiveCfg = Release|Any CPU
		{B43EE799-1DB6-4926-AB2D-8396DA05D9A8}.Release|Any CPU.Build.0 = Release|Any CPU
		{C7F33F51-8D83-4323-9B98-2A16B139CFBA}.Debug|Any CPU.ActiveCfg = Debug|Any CPU
		{C7F33F51-8D83-4323-9B98-2A16B139CFBA}.Debug|Any CPU.Build.0 = Debug|Any CPU
		{C7F33F51-8D83-4323-9B98-2A16B139CFBA}.Release|Any CPU.ActiveCfg = Release|Any CPU
		{C7F33F51-8D83-4323-9B98-2A16B139CFBA}.Release|Any CPU.Build.0 = Release|Any CPU
		{9273E3E7-F1D6-40BA-816E-7404F4EBAC10}.Debug|Any CPU.ActiveCfg = Debug|Any CPU
		{9273E3E7-F1D6-40BA-816E-7404F4EBAC10}.Debug|Any CPU.Build.0 = Debug|Any CPU
		{9273E3E7-F1D6-40BA-816E-7404F4EBAC10}.Release|Any CPU.ActiveCfg = Release|Any CPU
		{9273E3E7-F1D6-40BA-816E-7404F4EBAC10}.Release|Any CPU.Build.0 = Release|Any CPU
		{259752B0-FED6-4A4B-9DEB-0FE7DB7A5C37}.Debug|Any CPU.ActiveCfg = Debug|Any CPU
		{259752B0-FED6-4A4B-9DEB-0FE7DB7A5C37}.Debug|Any CPU.Build.0 = Debug|Any CPU
		{259752B0-FED6-4A4B-9DEB-0FE7DB7A5C37}.Release|Any CPU.ActiveCfg = Release|Any CPU
		{259752B0-FED6-4A4B-9DEB-0FE7DB7A5C37}.Release|Any CPU.Build.0 = Release|Any CPU
		{1F9A3144-C5C5-44EC-A94F-467015A71502}.Debug|Any CPU.ActiveCfg = Debug|Any CPU
		{1F9A3144-C5C5-44EC-A94F-467015A71502}.Debug|Any CPU.Build.0 = Debug|Any CPU
		{1F9A3144-C5C5-44EC-A94F-467015A71502}.Release|Any CPU.ActiveCfg = Release|Any CPU
		{1F9A3144-C5C5-44EC-A94F-467015A71502}.Release|Any CPU.Build.0 = Release|Any CPU
		{7E49707A-ED47-461A-8ECB-B2B6C6F3978E}.Debug|Any CPU.ActiveCfg = Debug|Any CPU
		{7E49707A-ED47-461A-8ECB-B2B6C6F3978E}.Debug|Any CPU.Build.0 = Debug|Any CPU
		{7E49707A-ED47-461A-8ECB-B2B6C6F3978E}.Release|Any CPU.ActiveCfg = Release|Any CPU
		{7E49707A-ED47-461A-8ECB-B2B6C6F3978E}.Release|Any CPU.Build.0 = Release|Any CPU
		{C58D1526-F833-45A5-93E9-B80A9B5B2837}.Debug|Any CPU.ActiveCfg = Debug|Any CPU
		{C58D1526-F833-45A5-93E9-B80A9B5B2837}.Debug|Any CPU.Build.0 = Debug|Any CPU
		{C58D1526-F833-45A5-93E9-B80A9B5B2837}.Release|Any CPU.ActiveCfg = Release|Any CPU
		{C58D1526-F833-45A5-93E9-B80A9B5B2837}.Release|Any CPU.Build.0 = Release|Any CPU
	EndGlobalSection
	GlobalSection(SolutionProperties) = preSolution
		HideSolutionNode = FALSE
	EndGlobalSection
	GlobalSection(NestedProjects) = preSolution
		{5FEBD6F9-3A9F-4DEC-9159-30BD3FFFD0CE} = {7815C3C2-4433-4855-8895-EC216DA710D1}
		{7B77B4EB-E287-43A8-B869-3BBFD1C5EFD0} = {956A40EB-4A8F-4D7E-AF4E-AAF065F6EA47}
		{B43EE799-1DB6-4926-AB2D-8396DA05D9A8} = {956A40EB-4A8F-4D7E-AF4E-AAF065F6EA47}
		{8B3CB404-B0ED-4E8A-A335-E99106C7EC17} = {956A40EB-4A8F-4D7E-AF4E-AAF065F6EA47}
		{3D43551D-11B9-4010-BAEF-5F2D42597208} = {956A40EB-4A8F-4D7E-AF4E-AAF065F6EA47}
		{C7F33F51-8D83-4323-9B98-2A16B139CFBA} = {3D43551D-11B9-4010-BAEF-5F2D42597208}
		{9273E3E7-F1D6-40BA-816E-7404F4EBAC10} = {8B3CB404-B0ED-4E8A-A335-E99106C7EC17}
		{259752B0-FED6-4A4B-9DEB-0FE7DB7A5C37} = {8B3CB404-B0ED-4E8A-A335-E99106C7EC17}
		{1F9A3144-C5C5-44EC-A94F-467015A71502} = {3D43551D-11B9-4010-BAEF-5F2D42597208}
		{7E49707A-ED47-461A-8ECB-B2B6C6F3978E} = {8B3CB404-B0ED-4E8A-A335-E99106C7EC17}
		{C58D1526-F833-45A5-93E9-B80A9B5B2837} = {3D43551D-11B9-4010-BAEF-5F2D42597208}
	EndGlobalSection
	GlobalSection(ExtensibilityGlobals) = postSolution
		SolutionGuid = {569B4528-22BB-47BE-BED6-42F8BDCB2846}
	EndGlobalSection
EndGlobal
